
Microsoft Visual Studio Solution File, Format Version 12.00
# Visual Studio Version 16
VisualStudioVersion = 16.0.30011.22
MinimumVisualStudioVersion = 10.0.40219.1
Project("{FAE04EC0-301F-11D3-BF4B-00C04F79EFBC}") = "Tic-Tac-Toe", "Tic-Tac-Toe\Tic-Tac-Toe.csproj", "{DF2C206A-5CC5-444F-830D-80E85A0DD52E}"
EndProject
Project("{FAE04EC0-301F-11D3-BF4B-00C04F79EFBC}") = "DataLayer", "DataLayer\DataLayer.csproj", "{340B6C3D-7233-4957-8569-4BF760B1B622}"
EndProject
Global
	GlobalSection(SolutionConfigurationPlatforms) = preSolution
		Debug|Any CPU = Debug|Any CPU
		Release|Any CPU = Release|Any CPU
	EndGlobalSection
	GlobalSection(ProjectConfigurationPlatforms) = postSolution
		{DF2C206A-5CC5-444F-830D-80E85A0DD52E}.Debug|Any CPU.ActiveCfg = Debug|Any CPU
		{DF2C206A-5CC5-444F-830D-80E85A0DD52E}.Debug|Any CPU.Build.0 = Debug|Any CPU
		{DF2C206A-5CC5-444F-830D-80E85A0DD52E}.Release|Any CPU.ActiveCfg = Release|Any CPU
		{DF2C206A-5CC5-444F-830D-80E85A0DD52E}.Release|Any CPU.Build.0 = Release|Any CPU
		{340B6C3D-7233-4957-8569-4BF760B1B622}.Debug|Any CPU.ActiveCfg = Debug|Any CPU
		{340B6C3D-7233-4957-8569-4BF760B1B622}.Debug|Any CPU.Build.0 = Debug|Any CPU
		{340B6C3D-7233-4957-8569-4BF760B1B622}.Release|Any CPU.ActiveCfg = Release|Any CPU
		{340B6C3D-7233-4957-8569-4BF760B1B622}.Release|Any CPU.Build.0 = Release|Any CPU
	EndGlobalSection
	GlobalSection(SolutionProperties) = preSolution
		HideSolutionNode = FALSE
	EndGlobalSection
	GlobalSection(ExtensibilityGlobals) = postSolution
		SolutionGuid = {8A7EC06E-B5C7-4FA5-B3CF-3144A8C97A6E}
	EndGlobalSection
EndGlobal
